
Microsoft Visual Studio Solution File, Format Version 12.00
# Visual Studio Version 16
VisualStudioVersion = 16.0.31624.102
MinimumVisualStudioVersion = 10.0.40219.1
Project("{FAE04EC0-301F-11D3-BF4B-00C04F79EFBC}") = "Doceria", "Doceria.csproj", "{BDCC7364-7C7B-4DD8-AB0F-87D4FA767EBD}"
EndProject
Global
	GlobalSection(SolutionConfigurationPlatforms) = preSolution
		Debug|Any CPU = Debug|Any CPU
		Release|Any CPU = Release|Any CPU
	EndGlobalSection
	GlobalSection(ProjectConfigurationPlatforms) = postSolution
		{BDCC7364-7C7B-4DD8-AB0F-87D4FA767EBD}.Debug|Any CPU.ActiveCfg = Debug|Any CPU
		{BDCC7364-7C7B-4DD8-AB0F-87D4FA767EBD}.Debug|Any CPU.Build.0 = Debug|Any CPU
		{BDCC7364-7C7B-4DD8-AB0F-87D4FA767EBD}.Release|Any CPU.ActiveCfg = Release|Any CPU
		{BDCC7364-7C7B-4DD8-AB0F-87D4FA767EBD}.Release|Any CPU.Build.0 = Release|Any CPU
	EndGlobalSection
	GlobalSection(SolutionProperties) = preSolution
		HideSolutionNode = FALSE
	EndGlobalSection
	GlobalSection(ExtensibilityGlobals) = postSolution
		SolutionGuid = {AB7496CC-A894-42EA-918D-6C70137539DC}
	EndGlobalSection
EndGlobal
